# THIS IS AN AUTOGENERATED FILE. DO NOT EDIT THIS FILE DIRECTLY.
# yarn lockfile v1


google-protobuf@^3.12.4:
  version "3.12.4"
  resolved "https://registry.yarnpkg.com/google-protobuf/-/google-protobuf-3.12.4.tgz#fd89b7e5052cdb35a80f9b455612851d542a5c9f"
  integrity sha512-ItTn8YepDQMHEMHloUPH+FDaTPiHTnbsMvP50aXfbI65IK3AA5+wXlHSygJH8xz+h1g4gu7V+CK5X1/SaGITsA==
